Microsoft Visual Studio Solution File, Format Version 12.00
# Visual Studio Version 17
VisualStudioVersion = 17.5.2.0
MinimumVisualStudioVersion = 10.0.40219.1
Project("{FAE04EC0-301F-11D3-BF4B-00C04F79EFBC}") = "Manage.API", "Manage.API.csproj", "{0EEB681E-4344-0823-50ED-5EE11710408B}"
EndProject
Global
	GlobalSection(SolutionConfigurationPlatforms) = preSolution
		Debug|Any CPU = Debug|Any CPU
		Release|Any CPU = Release|Any CPU
	EndGlobalSection
	GlobalSection(ProjectConfigurationPlatforms) = postSolution
		{0EEB681E-4344-0823-50ED-5EE11710408B}.Debug|Any CPU.ActiveCfg = Debug|Any CPU
		{0EEB681E-4344-0823-50ED-5EE11710408B}.Debug|Any CPU.Build.0 = Debug|Any CPU
		{0EEB681E-4344-0823-50ED-5EE11710408B}.Release|Any CPU.ActiveCfg = Release|Any CPU
		{0EEB681E-4344-0823-50ED-5EE11710408B}.Release|Any CPU.Build.0 = Release|Any CPU
	EndGlobalSection
	GlobalSection(SolutionProperties) = preSolution
		HideSolutionNode = FALSE
	EndGlobalSection
	GlobalSection(ExtensibilityGlobals) = postSolution
		SolutionGuid = {45316D6B-9023-4A3A-926D-C26791770B0D}
	EndGlobalSection
EndGlobal
